
Microsoft Visual Studio Solution File, Format Version 12.00
# Visual Studio Version 17
VisualStudioVersion = 17.6.33712.159
MinimumVisualStudioVersion = 10.0.40219.1
Project("{FAE04EC0-301F-11D3-BF4B-00C04F79EFBC}") = "SalesProgram", "SalesProgram\SalesProgram.csproj", "{C7841B6B-02D1-441C-94B4-D48A43576619}"
EndProject
Global
	GlobalSection(SolutionConfigurationPlatforms) = preSolution
		Debug|Any CPU = Debug|Any CPU
		Release|Any CPU = Release|Any CPU
	EndGlobalSection
	GlobalSection(ProjectConfigurationPlatforms) = postSolution
		{C7841B6B-02D1-441C-94B4-D48A43576619}.Debug|Any CPU.ActiveCfg = Debug|Any CPU
		{C7841B6B-02D1-441C-94B4-D48A43576619}.Debug|Any CPU.Build.0 = Debug|Any CPU
		{C7841B6B-02D1-441C-94B4-D48A43576619}.Release|Any CPU.ActiveCfg = Release|Any CPU
		{C7841B6B-02D1-441C-94B4-D48A43576619}.Release|Any CPU.Build.0 = Release|Any CPU
	EndGlobalSection
	GlobalSection(SolutionProperties) = preSolution
		HideSolutionNode = FALSE
	EndGlobalSection
	GlobalSection(ExtensibilityGlobals) = postSolution
		SolutionGuid = {81894412-B3DE-4CD8-8492-DACC48FB9CBA}
	EndGlobalSection
EndGlobal
